upstreams:
  - id: anyblock
    chain: ethereum
    role: fallback
    labels:
      provider: openethereum
      archive: false
    options:
      disable-validation: true
    methods:
      enabled:
        - name: debug_getBadBlocks
        - name: eth_accounts
        - name: eth_blockNumber
        - name: eth_chainId
        - name: eth_coinbase
        - name: eth_estimateGas
        - name: eth_gasPrice
        - name: eth_getBalance
        - name: eth_getBlockByHash
        - name: eth_getBlockByNumber
        - name: eth_getBlockTransactionCountByHash
        - name: eth_getBlockTransactionCountByNumber
        - name: eth_getCode
        - name: eth_getFilterChanges
        - name: eth_getFilterLogs
        - name: eth_getLogs
        - name: eth_getStorageAt
        - name: eth_getTransactionByBlockHashAndIndex
        - name: eth_getTransactionByBlockNumberAndIndex
        - name: eth_getTransactionByHash
        - name: eth_getTransactionCount
        - name: eth_getTransactionReceipt
        - name: eth_getUncleByBlockHashAndIndex
        - name: eth_getUncleByBlockNumberAndIndex
        - name: eth_getUncleCountByBlockHash
        - name: eth_getUncleCountByBlockNumber
        - name: eth_getWork
        - name: eth_hashrate
        - name: eth_mining
        - name: eth_newBlockFilter
        - name: eth_newFilter
        - name: eth_newPendingTransactionFilter
        - name: eth_protocolVersion
        - name: eth_sendRawTransaction
        - name: eth_sendTransaction
        - name: eth_sign
        - name: eth_signTransaction
        - name: eth_submitHashrate
        - name: eth_submitWork
        - name: eth_subscribe
        - name: eth_syncing
        - name: eth_uninstallFilter
        - name: eth_unsubscribe
        - name: net_listening
        - name: net_peerCount
        - name: net_version
        - name: parity_allTransactionHashes
        - name: parity_allTransactions
        - name: parity_call
        - name: parity_cidV0
        - name: parity_composeTransaction
        - name: parity_decryptMessage
        - name: parity_encryptMessage
        - name: parity_futureTransactions
        - name: parity_getBlockHeaderByNumber
        - name: parity_getBlockReceipts
        - name: parity_localTransactions
        - name: parity_pendingTransactions
        - name: parity_pendingTransactionsStats
        - name: parity_signMessage
        - name: parity_submitWorkDetail
        - name: parity_subscribe
        - name: parity_unsubscribe
        - name: parity_verifySignature
        - name: trace_block
        - name: trace_call
        - name: trace_callMany
        - name: trace_filter
        - name: trace_get
        - name: trace_rawTransaction
        - name: trace_replayBlockTransactions
        - name: trace_replayTransaction
        - name: trace_transaction
        - name: web3_clientVersion
        - name: web3_sha3
    connection:
      ethereum:
        rpc:
          url: "https://api.anyblock.tools/ethereum/ethereum/mainnet/rpc/${ANYBLOCK_KEY}"
